
Microsoft Visual Studio Solution File, Format Version 12.00
# Visual Studio Version 16
VisualStudioVersion = 16.0.30907.101
MinimumVisualStudioVersion = 10.0.40219.1
Project("{FAE04EC0-301F-11D3-BF4B-00C04F79EFBC}") = "CrudProjection", "CrudProjection\CrudProjection.csproj", "{4A8BEB0D-CAF0-4F4F-9D53-2C4045CF54DD}"
EndProject
Global
	GlobalSection(SolutionConfigurationPlatforms) = preSolution
		Debug|Any CPU = Debug|Any CPU
		Release|Any CPU = Release|Any CPU
	EndGlobalSection
	GlobalSection(ProjectConfigurationPlatforms) = postSolution
		{4A8BEB0D-CAF0-4F4F-9D53-2C4045CF54DD}.Debug|Any CPU.ActiveCfg = Debug|Any CPU
		{4A8BEB0D-CAF0-4F4F-9D53-2C4045CF54DD}.Debug|Any CPU.Build.0 = Debug|Any CPU
		{4A8BEB0D-CAF0-4F4F-9D53-2C4045CF54DD}.Release|Any CPU.ActiveCfg = Release|Any CPU
		{4A8BEB0D-CAF0-4F4F-9D53-2C4045CF54DD}.Release|Any CPU.Build.0 = Release|Any CPU
	EndGlobalSection
	GlobalSection(SolutionProperties) = preSolution
		HideSolutionNode = FALSE
	EndGlobalSection
	GlobalSection(ExtensibilityGlobals) = postSolution
		SolutionGuid = {C1037CE8-E515-4CAA-92B5-BCBA9D48C6CA}
	EndGlobalSection
EndGlobal
